
Microsoft Visual Studio Solution File, Format Version 12.00
# Visual Studio Version 17
VisualStudioVersion = 17.13.35825.156 d17.13
MinimumVisualStudioVersion = 10.0.40219.1
Project("{FAE04EC0-301F-11D3-BF4B-00C04F79EFBC}") = "Test_API", "Test_API\Test_API.csproj", "{A2F35A0B-956D-4697-8EAE-2E6839E66DF6}"
EndProject
Global
	GlobalSection(SolutionConfigurationPlatforms) = preSolution
		Debug|Any CPU = Debug|Any CPU
		Release|Any CPU = Release|Any CPU
	EndGlobalSection
	GlobalSection(ProjectConfigurationPlatforms) = postSolution
		{A2F35A0B-956D-4697-8EAE-2E6839E66DF6}.Debug|Any CPU.ActiveCfg = Debug|Any CPU
		{A2F35A0B-956D-4697-8EAE-2E6839E66DF6}.Debug|Any CPU.Build.0 = Debug|Any CPU
		{A2F35A0B-956D-4697-8EAE-2E6839E66DF6}.Release|Any CPU.ActiveCfg = Release|Any CPU
		{A2F35A0B-956D-4697-8EAE-2E6839E66DF6}.Release|Any CPU.Build.0 = Release|Any CPU
	EndGlobalSection
	GlobalSection(SolutionProperties) = preSolution
		HideSolutionNode = FALSE
	EndGlobalSection
	GlobalSection(ExtensibilityGlobals) = postSolution
		SolutionGuid = {BE3A5C0C-44A7-4B47-96D1-991CD2BA57D5}
	EndGlobalSection
EndGlobal
